// !$*UTF8*$!
{
	archiveVersion = 1;
	classes = {
	};
	objectVersion = 46;
	objects = {

/* Begin PBXBuildFile section */
		33640F7190134D4A988D64B0 /* libPods.a in Frameworks */ = {isa = PBXBuildFile; fileRef = 1E0F2000FAB3407A824F2C34 /* libPods.a */; };
		5EB19C1C199CCC28008580F0 /* Foundation.framework in Frameworks */ = {isa = PBXBuildFile; fileRef = 5EB19C1B199CCC28008580F0 /* Foundation.framework */; };
		5EB19C1E199CCC28008580F0 /* CoreGraphics.framework in Frameworks */ = {isa = PBXBuildFile; fileRef = 5EB19C1D199CCC28008580F0 /* CoreGraphics.framework */; };
		5EB19C20199CCC28008580F0 /* UIKit.framework in Frameworks */ = {isa = PBXBuildFile; fileRef = 5EB19C1F199CCC28008580F0 /* UIKit.framework */; };
		5EB19C3B199CCC28008580F0 /* XCTest.framework in Frameworks */ = {isa = PBXBuildFile; fileRef = 5EB19C3A199CCC28008580F0 /* XCTest.framework */; };
		5EB19C3C199CCC28008580F0 /* Foundation.framework in Frameworks */ = {isa = PBXBuildFile; fileRef = 5EB19C1B199CCC28008580F0 /* Foundation.framework */; };
		5EB19C3D199CCC28008580F0 /* UIKit.framework in Frameworks */ = {isa = PBXBuildFile; fileRef = 5EB19C1F199CCC28008580F0 /* UIKit.framework */; };
		5EC7EB0319A33C250018C3D9 /* InfoPlist.strings in Resources */ = {isa = PBXBuildFile; fileRef = 5EC7EAFF19A33C250018C3D9 /* InfoPlist.strings */; };
		5EC7EB1519A33C510018C3D9 /* Main.storyboard in Resources */ = {isa = PBXBuildFile; fileRef = 5EC7EB0519A33C510018C3D9 /* Main.storyboard */; };
		5EC7EB1619A33C510018C3D9 /* DFTAppDelegate.m in Sources */ = {isa = PBXBuildFile; fileRef = 5EC7EB0819A33C510018C3D9 /* DFTAppDelegate.m */; };
		5EC7EB1719A33C510018C3D9 /* DFTDebugScreenShotDemo-Info.plist in Resources */ = {isa = PBXBuildFile; fileRef = 5EC7EB0919A33C510018C3D9 /* DFTDebugScreenShotDemo-Info.plist */; };
		5EC7EB1819A33C510018C3D9 /* DFTModalViewController.m in Sources */ = {isa = PBXBuildFile; fileRef = 5EC7EB0C19A33C510018C3D9 /* DFTModalViewController.m */; };
		5EC7EB1919A33C510018C3D9 /* DFTTableViewController.m in Sources */ = {isa = PBXBuildFile; fileRef = 5EC7EB0E19A33C510018C3D9 /* DFTTableViewController.m */; };
		5EC7EB1A19A33C510018C3D9 /* DFTViewController.m in Sources */ = {isa = PBXBuildFile; fileRef = 5EC7EB1019A33C510018C3D9 /* DFTViewController.m */; };
		5EC7EB1B19A33C510018C3D9 /* InfoPlist.strings in Resources */ = {isa = PBXBuildFile; fileRef = 5EC7EB1119A33C510018C3D9 /* InfoPlist.strings */; };
		5EC7EB1C19A33C510018C3D9 /* Images.xcassets in Resources */ = {isa = PBXBuildFile; fileRef = 5EC7EB1319A33C510018C3D9 /* Images.xcassets */; };
		5EC7EB1D19A33C510018C3D9 /* main.m in Sources */ = {isa = PBXBuildFile; fileRef = 5EC7EB1419A33C510018C3D9 /* main.m */; };
		5EC7EB6219A33E480018C3D9 /* DFTDebugScreenshotTests.m in Sources */ = {isa = PBXBuildFile; fileRef = 5EC7EB6119A33E480018C3D9 /* DFTDebugScreenshotTests.m */; };
		5EC7EB6419A33E4E0018C3D9 /* DFTDebugScreenshotTests-Info.plist in Resources */ = {isa = PBXBuildFile; fileRef = 5EC7EB6319A33E4E0018C3D9 /* DFTDebugScreenshotTests-Info.plist */; };
/* End PBXBuildFile section */

/* Begin PBXContainerItemProxy section */
		5EB19C3E199CCC28008580F0 /* PBXContainerItemProxy */ = {
			isa = PBXContainerItemProxy;
			containerPortal = 5EB19C10199CCC28008580F0 /* Project object */;
			proxyType = 1;
			remoteGlobalIDString = 5EB19C17199CCC28008580F0;
			remoteInfo = DFNDebugScreenShotDemo;
		};
/* End PBXContainerItemProxy section */

/* Begin PBXFileReference section */
		1E0F2000FAB3407A824F2C34 /* libPods.a */ = {isa = PBXFileReference; explicitFileType = archive.ar; includeInIndex = 0; path = libPods.a; sourceTree = BUILT_PRODUCTS_DIR; };
		3D20351669FB00089875836D /* Pods.debug.xcconfig */ = {isa = PBXFileReference; includeInIndex = 1; lastKnownFileType = text.xcconfig; name = Pods.debug.xcconfig; path = "Pods/Target Support Files/Pods/Pods.debug.xcconfig"; sourceTree = "<group>"; };
		5EB19C18199CCC28008580F0 /* DFTDebugScreenShotDemo.app */ = {isa = PBXFileReference; explicitFileType = wrapper.application; includeInIndex = 0; path = DFTDebugScreenShotDemo.app; sourceTree = BUILT_PRODUCTS_DIR; };
		5EB19C1B199CCC28008580F0 /* Foundation.framework */ = {isa = PBXFileReference; lastKnownFileType = wrapper.framework; name = Foundation.framework; path = System/Library/Frameworks/Foundation.framework; sourceTree = SDKROOT; };
		5EB19C1D199CCC28008580F0 /* CoreGraphics.framework */ = {isa = PBXFileReference; lastKnownFileType = wrapper.framework; name = CoreGraphics.framework; path = System/Library/Frameworks/CoreGraphics.framework; sourceTree = SDKROOT; };
		5EB19C1F199CCC28008580F0 /* UIKit.framework */ = {isa = PBXFileReference; lastKnownFileType = wrapper.framework; name = UIKit.framework; path = System/Library/Frameworks/UIKit.framework; sourceTree = SDKROOT; };
		5EB19C39199CCC28008580F0 /* DFTDebugScreenShotDemoTests.xctest */ = {isa = PBXFileReference; explicitFileType = wrapper.cfbundle; includeInIndex = 0; path = DFTDebugScreenShotDemoTests.xctest; sourceTree = BUILT_PRODUCTS_DIR; };
		5EB19C3A199CCC28008580F0 /* XCTest.framework */ = {isa = PBXFileReference; lastKnownFileType = wrapper.framework; name = XCTest.framework; path = Library/Frameworks/XCTest.framework; sourceTree = DEVELOPER_DIR; };
		5EC7EB0019A33C250018C3D9 /* en */ = {isa = PBXFileReference; lastKnownFileType = text.plist.strings; name = en; path = en.lproj/InfoPlist.strings; sourceTree = "<group>"; };
		5EC7EB0619A33C510018C3D9 /* Base */ = {isa = PBXFileReference; lastKnownFileType = file.storyboard; name = Base; path = Base.lproj/Main.storyboard; sourceTree = "<group>"; };
		5EC7EB0719A33C510018C3D9 /* DFTAppDelegate.h */ = {isa = PBXFileReference; fileEncoding = 4; lastKnownFileType = sourcecode.c.h; path = DFTAppDelegate.h; sourceTree = "<group>"; };
		5EC7EB0819A33C510018C3D9 /* DFTAppDelegate.m */ = {isa = PBXFileReference; fileEncoding = 4; lastKnownFileType = sourcecode.c.objc; path = DFTAppDelegate.m; sourceTree = "<group>"; };
		5EC7EB0919A33C510018C3D9 /* DFTDebugScreenShotDemo-Info.plist */ = {isa = PBXFileReference; fileEncoding = 4; lastKnownFileType = text.plist.xml; path = "DFTDebugScreenShotDemo-Info.plist"; sourceTree = "<group>"; };
		5EC7EB0A19A33C510018C3D9 /* DFTDebugScreenShotDemo-Prefix.pch */ = {isa = PBXFileReference; fileEncoding = 4; lastKnownFileType = sourcecode.c.h; path = "DFTDebugScreenShotDemo-Prefix.pch"; sourceTree = "<group>"; };
		5EC7EB0B19A33C510018C3D9 /* DFTModalViewController.h */ = {isa = PBXFileReference; fileEncoding = 4; lastKnownFileType = sourcecode.c.h; path = DFTModalViewController.h; sourceTree = "<group>"; };
		5EC7EB0C19A33C510018C3D9 /* DFTModalViewController.m */ = {isa = PBXFileReference; fileEncoding = 4; lastKnownFileType = sourcecode.c.objc; path = DFTModalViewController.m; sourceTree = "<group>"; };
		5EC7EB0D19A33C510018C3D9 /* DFTTableViewController.h */ = {isa = PBXFileReference; fileEncoding = 4; lastKnownFileType = sourcecode.c.h; path = DFTTableViewController.h; sourceTree = "<group>"; };
		5EC7EB0E19A33C510018C3D9 /* DFTTableViewController.m */ = {isa = PBXFileReference; fileEncoding = 4; lastKnownFileType = sourcecode.c.objc; path = DFTTableViewController.m; sourceTree = "<group>"; };
		5EC7EB0F19A33C510018C3D9 /* DFTViewController.h */ = {isa = PBXFileReference; fileEncoding = 4; lastKnownFileType = sourcecode.c.h; path = DFTViewController.h; sourceTree = "<group>"; };
		5EC7EB1019A33C510018C3D9 /* DFTViewController.m */ = {isa = PBXFileReference; fileEncoding = 4; lastKnownFileType = sourcecode.c.objc; path = DFTViewController.m; sourceTree = "<group>"; };
		5EC7EB1219A33C510018C3D9 /* en */ = {isa = PBXFileReference; lastKnownFileType = text.plist.strings; name = en; path = en.lproj/InfoPlist.strings; sourceTree = "<group>"; };
		5EC7EB1319A33C510018C3D9 /* Images.xcassets */ = {isa = PBXFileReference; lastKnownFileType = folder.assetcatalog; path = Images.xcassets; sourceTree = "<group>"; };
		5EC7EB1419A33C510018C3D9 /* main.m */ = {isa = PBXFileReference; fileEncoding = 4; lastKnownFileType = sourcecode.c.objc; path = main.m; sourceTree = "<group>"; };
		5EC7EB6119A33E480018C3D9 /* DFTDebugScreenshotTests.m */ = {isa = PBXFileReference; fileEncoding = 4; lastKnownFileType = sourcecode.c.objc; path = DFTDebugScreenshotTests.m; sourceTree = "<group>"; };
		5EC7EB6319A33E4E0018C3D9 /* DFTDebugScreenshotTests-Info.plist */ = {isa = PBXFileReference; fileEncoding = 4; lastKnownFileType = text.plist.xml; path = "DFTDebugScreenshotTests-Info.plist"; sourceTree = "<group>"; };
		70860939B838DE2BCA8D8341 /* Pods.release.xcconfig */ = {isa = PBXFileReference; includeInIndex = 1; lastKnownFileType = text.xcconfig; name = Pods.release.xcconfig; path = "Pods/Target Support Files/Pods/Pods.release.xcconfig"; sourceTree = "<group>"; };
/* End PBXFileReference section */

/* Begin PBXFrameworksBuildPhase section */
		5EB19C15199CCC28008580F0 /* Frameworks */ = {
			isa = PBXFrameworksBuildPhase;
			buildActionMask = 2147483647;
			files = (
				5EB19C1E199CCC28008580F0 /* CoreGraphics.framework in Frameworks */,
				5EB19C20199CCC28008580F0 /* UIKit.framework in Frameworks */,
				5EB19C1C199CCC28008580F0 /* Foundation.framework in Frameworks */,
				33640F7190134D4A988D64B0 /* libPods.a in Frameworks */,
			);
			runOnlyForDeploymentPostprocessing = 0;
		};
		5EB19C36199CCC28008580F0 /* Frameworks */ = {
			isa = PBXFrameworksBuildPhase;
			buildActionMask = 2147483647;
			files = (
				5EB19C3B199CCC28008580F0 /* XCTest.framework in Frameworks */,
				5EB19C3D199CCC28008580F0 /* UIKit.framework in Frameworks */,
				5EB19C3C199CCC28008580F0 /* Foundation.framework in Frameworks */,
			);
			runOnlyForDeploymentPostprocessing = 0;
		};
/* End PBXFrameworksBuildPhase section */

/* Begin PBXGroup section */
		5EB19C0F199CCC28008580F0 = {
			isa = PBXGroup;
			children = (
				5EC7EB0419A33C510018C3D9 /* DFTDebugScreenshotDemo */,
				5EC7EAFC19A33C250018C3D9 /* DFTDebugScreenshotTests */,
				5EB19C1A199CCC28008580F0 /* Frameworks */,
				5EB19C19199CCC28008580F0 /* Products */,
				AEB46942F64954F1099E9E8D /* Pods */,
			);
			sourceTree = "<group>";
		};
		5EB19C19199CCC28008580F0 /* Products */ = {
			isa = PBXGroup;
			children = (
				5EB19C18199CCC28008580F0 /* DFTDebugScreenShotDemo.app */,
				5EB19C39199CCC28008580F0 /* DFTDebugScreenShotDemoTests.xctest */,
			);
			name = Products;
			sourceTree = "<group>";
		};
		5EB19C1A199CCC28008580F0 /* Frameworks */ = {
			isa = PBXGroup;
			children = (
				5EB19C1B199CCC28008580F0 /* Foundation.framework */,
				5EB19C1D199CCC28008580F0 /* CoreGraphics.framework */,
				5EB19C1F199CCC28008580F0 /* UIKit.framework */,
				5EB19C3A199CCC28008580F0 /* XCTest.framework */,
				1E0F2000FAB3407A824F2C34 /* libPods.a */,
			);
			name = Frameworks;
			sourceTree = "<group>";
		};
		5EC7EAFC19A33C250018C3D9 /* DFTDebugScreenshotTests */ = {
			isa = PBXGroup;
			children = (
				5EC7EB6119A33E480018C3D9 /* DFTDebugScreenshotTests.m */,
				5EC7EB6019A33C740018C3D9 /* Supporting Files */,
			);
			path = DFTDebugScreenshotTests;
			sourceTree = "<group>";
		};
		5EC7EB0419A33C510018C3D9 /* DFTDebugScreenshotDemo */ = {
			isa = PBXGroup;
			children = (
				5EC7EB0719A33C510018C3D9 /* DFTAppDelegate.h */,
				5EC7EB0819A33C510018C3D9 /* DFTAppDelegate.m */,
				5EC7EB0B19A33C510018C3D9 /* DFTModalViewController.h */,
				5EC7EB0C19A33C510018C3D9 /* DFTModalViewController.m */,
				5EC7EB0D19A33C510018C3D9 /* DFTTableViewController.h */,
				5EC7EB0E19A33C510018C3D9 /* DFTTableViewController.m */,
				5EC7EB0F19A33C510018C3D9 /* DFTViewController.h */,
				5EC7EB1019A33C510018C3D9 /* DFTViewController.m */,
				5EC7EB0519A33C510018C3D9 /* Main.storyboard */,
				5EC7EB1319A33C510018C3D9 /* Images.xcassets */,
				5EC7EB1E19A33C5C0018C3D9 /* Supporting Files */,
			);
			path = DFTDebugScreenshotDemo;
			sourceTree = "<group>";
		};
		5EC7EB1E19A33C5C0018C3D9 /* Supporting Files */ = {
			isa = PBXGroup;
			children = (
				5EC7EB0919A33C510018C3D9 /* DFTDebugScreenShotDemo-Info.plist */,
				5EC7EB0A19A33C510018C3D9 /* DFTDebugScreenShotDemo-Prefix.pch */,
				5EC7EB1419A33C510018C3D9 /* main.m */,
				5EC7EB1119A33C510018C3D9 /* InfoPlist.strings */,
			);
			name = "Supporting Files";
			sourceTree = "<group>";
		};
		5EC7EB6019A33C740018C3D9 /* Supporting Files */ = {
			isa = PBXGroup;
			children = (
				5EC7EB6319A33E4E0018C3D9 /* DFTDebugScreenshotTests-Info.plist */,
				5EC7EAFF19A33C250018C3D9 /* InfoPlist.strings */,
			);
			name = "Supporting Files";
			sourceTree = "<group>";
		};
		AEB46942F64954F1099E9E8D /* Pods */ = {
			isa = PBXGroup;
			children = (
				3D20351669FB00089875836D /* Pods.debug.xcconfig */,
				70860939B838DE2BCA8D8341 /* Pods.release.xcconfig */,
			);
			name = Pods;
			sourceTree = "<group>";
		};
/* End PBXGroup section */

/* Begin PBXNativeTarget section */
		5EB19C17199CCC28008580F0 /* DFTDebugScreenShotDemo */ = {
			isa = PBXNativeTarget;
			buildConfigurationList = 5EB19C4A199CCC28008580F0 /* Build configuration list for PBXNativeTarget "DFTDebugScreenShotDemo" */;
			buildPhases = (
				330A2DCF80B24D9A9934C831 /* Check Pods Manifest.lock */,
				5EB19C14199CCC28008580F0 /* Sources */,
				5EB19C15199CCC28008580F0 /* Frameworks */,
				5EB19C16199CCC28008580F0 /* Resources */,
				CAE9EC31DBF7436BB9EF9B67 /* Copy Pods Resources */,
			);
			buildRules = (
			);
			dependencies = (
			);
			name = DFTDebugScreenShotDemo;
			productName = DFNDebugScreenShotDemo;
			productReference = 5EB19C18199CCC28008580F0 /* DFTDebugScreenShotDemo.app */;
			productType = "com.apple.product-type.application";
		};
		5EB19C38199CCC28008580F0 /* DFTDebugScreenShotDemoTests */ = {
			isa = PBXNativeTarget;
			buildConfigurationList = 5EB19C4D199CCC28008580F0 /* Build configuration list for PBXNativeTarget "DFTDebugScreenShotDemoTests" */;
			buildPhases = (
				5EB19C35199CCC28008580F0 /* Sources */,
				5EB19C36199CCC28008580F0 /* Frameworks */,
				5EB19C37199CCC28008580F0 /* Resources */,
			);
			buildRules = (
			);
			dependencies = (
				5EB19C3F199CCC28008580F0 /* PBXTargetDependency */,
			);
			name = DFTDebugScreenShotDemoTests;
			productName = DFNDebugScreenShotDemoTests;
			productReference = 5EB19C39199CCC28008580F0 /* DFTDebugScreenShotDemoTests.xctest */;
			productType = "com.apple.product-type.bundle.unit-test";
		};
/* End PBXNativeTarget section */

/* Begin PBXProject section */
		5EB19C10199CCC28008580F0 /* Project object */ = {
			isa = PBXProject;
			attributes = {
				CLASSPREFIX = DFT;
				LastUpgradeCheck = 0510;
				ORGANIZATIONNAME = "Toshihiro Morimoto";
				TargetAttributes = {
					5EB19C38199CCC28008580F0 = {
						TestTargetID = 5EB19C17199CCC28008580F0;
					};
				};
			};
			buildConfigurationList = 5EB19C13199CCC28008580F0 /* Build configuration list for PBXProject "DFTDebugScreenshotDemo" */;
			compatibilityVersion = "Xcode 3.2";
			developmentRegion = English;
			hasScannedForEncodings = 0;
			knownRegions = (
				en,
				Base,
			);
			mainGroup = 5EB19C0F199CCC28008580F0;
			productRefGroup = 5EB19C19199CCC28008580F0 /* Products */;
			projectDirPath = "";
			projectRoot = "";
			targets = (
				5EB19C17199CCC28008580F0 /* DFTDebugScreenShotDemo */,
				5EB19C38199CCC28008580F0 /* DFTDebugScreenShotDemoTests */,
			);
		};
/* End PBXProject section */

/* Begin PBXResourcesBuildPhase section */
		5EB19C16199CCC28008580F0 /* Resources */ = {
			isa = PBXResourcesBuildPhase;
			buildActionMask = 2147483647;
			files = (
				5EC7EB1719A33C510018C3D9 /* DFTDebugScreenShotDemo-Info.plist in Resources */,
				5EC7EB1C19A33C510018C3D9 /* Images.xcassets in Resources */,
				5EC7EB1B19A33C510018C3D9 /* InfoPlist.strings in Resources */,
				5EC7EB1519A33C510018C3D9 /* Main.storyboard in Resources */,
			);
			runOnlyForDeploymentPostprocessing = 0;
		};
		5EB19C37199CCC28008580F0 /* Resources */ = {
			isa = PBXResourcesBuildPhase;
			buildActionMask = 2147483647;
			files = (
				5EC7EB0319A33C250018C3D9 /* InfoPlist.strings in Resources */,
				5EC7EB6419A33E4E0018C3D9 /* DFTDebugScreenshotTests-Info.plist in Resources */,
			);
			runOnlyForDeploymentPostprocessing = 0;
		};
/* End PBXResourcesBuildPhase section */

/* Begin PBXShellScriptBuildPhase section */
		330A2DCF80B24D9A9934C831 /* Check Pods Manifest.lock */ = {
			isa = PBXShellScriptBuildPhase;
			buildActionMask = 2147483647;
			files = (
			);
			inputPaths = (
			);
			name = "Check Pods Manifest.lock";
			outputPaths = (
			);
			runOnlyForDeploymentPostprocessing = 0;
			shellPath = /bin/sh;
			shellScript = "diff \"${PODS_ROOT}/../Podfile.lock\" \"${PODS_ROOT}/Manifest.lock\" > /dev/null\nif [[ $? != 0 ]] ; then\n    cat << EOM\nerror: The sandbox is not in sync with the Podfile.lock. Run 'pod install' or update your CocoaPods installation.\nEOM\n    exit 1\nfi\n";
			showEnvVarsInLog = 0;
		};
		CAE9EC31DBF7436BB9EF9B67 /* Copy Pods Resources */ = {
			isa = PBXShellScriptBuildPhase;
			buildActionMask = 2147483647;
			files = (
			);
			inputPaths = (
			);
			name = "Copy Pods Resources";
			outputPaths = (
			);
			runOnlyForDeploymentPostprocessing = 0;
			shellPath = /bin/sh;
			shellScript = "\"${SRCROOT}/Pods/Target Support Files/Pods/Pods-resources.sh\"\n";
			showEnvVarsInLog = 0;
		};
/* End PBXShellScriptBuildPhase section */

/* Begin PBXSourcesBuildPhase section */
		5EB19C14199CCC28008580F0 /* Sources */ = {
			isa = PBXSourcesBuildPhase;
			buildActionMask = 2147483647;
			files = (
				5EC7EB1D19A33C510018C3D9 /* main.m in Sources */,
				5EC7EB1619A33C510018C3D9 /* DFTAppDelegate.m in Sources */,
				5EC7EB1819A33C510018C3D9 /* DFTModalViewController.m in Sources */,
				5EC7EB1919A33C510018C3D9 /* DFTTableViewController.m in Sources */,
				5EC7EB1A19A33C510018C3D9 /* DFTViewController.m in Sources */,
			);
			runOnlyForDeploymentPostprocessing = 0;
		};
		5EB19C35199CCC28008580F0 /* Sources */ = {
			isa = PBXSourcesBuildPhase;
			buildActionMask = 2147483647;
			files = (
				5EC7EB6219A33E480018C3D9 /* DFTDebugScreenshotTests.m in Sources */,
			);
			runOnlyForDeploymentPostprocessing = 0;
		};
/* End PBXSourcesBuildPhase section */

/* Begin PBXTargetDependency section */
		5EB19C3F199CCC28008580F0 /* PBXTargetDependency */ = {
			isa = PBXTargetDependency;
			target = 5EB19C17199CCC28008580F0 /* DFTDebugScreenShotDemo */;
			targetProxy = 5EB19C3E199CCC28008580F0 /* PBXContainerItemProxy */;
		};
/* End PBXTargetDependency section */

/* Begin PBXVariantGroup section */
		5EC7EAFF19A33C250018C3D9 /* InfoPlist.strings */ = {
			isa = PBXVariantGroup;
			children = (
				5EC7EB0019A33C250018C3D9 /* en */,
			);
			name = InfoPlist.strings;
			sourceTree = "<group>";
		};
		5EC7EB0519A33C510018C3D9 /* Main.storyboard */ = {
			isa = PBXVariantGroup;
			children = (
				5EC7EB0619A33C510018C3D9 /* Base */,
			);
			name = Main.storyboard;
			sourceTree = "<group>";
		};
		5EC7EB1119A33C510018C3D9 /* InfoPlist.strings */ = {
			isa = PBXVariantGroup;
			children = (
				5EC7EB1219A33C510018C3D9 /* en */,
			);
			name = InfoPlist.strings;
			sourceTree = "<group>";
		};
/* End PBXVariantGroup section */

/* Begin XCBuildConfiguration section */
		5EB19C48199CCC28008580F0 /* Debug */ = {
			isa = XCBuildConfiguration;
			buildSettings = {
				ALWAYS_SEARCH_USER_PATHS = NO;
				CLANG_CXX_LANGUAGE_STANDARD = "gnu++0x";
				CLANG_CXX_LIBRARY = "libc++";
				CLANG_ENABLE_MODULES = YES;
				CLANG_ENABLE_OBJC_ARC = YES;
				CLANG_WARN_BOOL_CONVERSION = YES;
				CLANG_WARN_CONSTANT_CONVERSION = YES;
				CLANG_WARN_DIRECT_OBJC_ISA_USAGE = YES_ERROR;
				CLANG_WARN_EMPTY_BODY = YES;
				CLANG_WARN_ENUM_CONVERSION = YES;
				CLANG_WARN_INT_CONVERSION = YES;
				CLANG_WARN_OBJC_ROOT_CLASS = YES_ERROR;
				CLANG_WARN__DUPLICATE_METHOD_MATCH = YES;
				"CODE_SIGN_IDENTITY[sdk=iphoneos*]" = "iPhone Developer";
				COPY_PHASE_STRIP = NO;
				GCC_C_LANGUAGE_STANDARD = gnu99;
				GCC_DYNAMIC_NO_PIC = NO;
				GCC_OPTIMIZATION_LEVEL = 0;
				GCC_PREPROCESSOR_DEFINITIONS = (
					"DEBUG=1",
					"$(inherited)",
				);
				GCC_SYMBOLS_PRIVATE_EXTERN = NO;
				GCC_WARN_64_TO_32_BIT_CONVERSION = YES;
				GCC_WARN_ABOUT_RETURN_TYPE = YES_ERROR;
				GCC_WARN_UNDECLARED_SELECTOR = YES;
				GCC_WARN_UNINITIALIZED_AUTOS = YES_AGGRESSIVE;
				GCC_WARN_UNUSED_FUNCTION = YES;
				GCC_WARN_UNUSED_VARIABLE = YES;
				IPHONEOS_DEPLOYMENT_TARGET = 7.1;
				ONLY_ACTIVE_ARCH = YES;
				SDKROOT = iphoneos;
			};
			name = Debug;
		};
		5EB19C49199CCC28008580F0 /* Release */ = {
			isa = XCBuildConfiguration;
			buildSettings = {
				ALWAYS_SEARCH_USER_PATHS = NO;
				CLANG_CXX_LANGUAGE_STANDARD = "gnu++0x";
				CLANG_CXX_LIBRARY = "libc++";
				CLANG_ENABLE_MODULES = YES;
				CLANG_ENABLE_OBJC_ARC = YES;
				CLANG_WARN_BOOL_CONVERSION = YES;
				CLANG_WARN_CONSTANT_CONVERSION = YES;
				CLANG_WARN_DIRECT_OBJC_ISA_USAGE = YES_ERROR;
				CLANG_WARN_EMPTY_BODY = YES;
				CLANG_WARN_ENUM_CONVERSION = YES;
				CLANG_WARN_INT_CONVERSION = YES;
				CLANG_WARN_OBJC_ROOT_CLASS = YES_ERROR;
				CLANG_WARN__DUPLICATE_METHOD_MATCH = YES;
				"CODE_SIGN_IDENTITY[sdk=iphoneos*]" = "iPhone Developer";
				COPY_PHASE_STRIP = YES;
				ENABLE_NS_ASSERTIONS = NO;
				GCC_C_LANGUAGE_STANDARD = gnu99;
				GCC_WARN_64_TO_32_BIT_CONVERSION = YES;
				GCC_WARN_ABOUT_RETURN_TYPE = YES_ERROR;
				GCC_WARN_UNDECLARED_SELECTOR = YES;
				GCC_WARN_UNINITIALIZED_AUTOS = YES_AGGRESSIVE;
				GCC_WARN_UNUSED_FUNCTION = YES;
				GCC_WARN_UNUSED_VARIABLE = YES;
				IPHONEOS_DEPLOYMENT_TARGET = 7.1;
				SDKROOT = iphoneos;
				VALIDATE_PRODUCT = YES;
			};
			name = Release;
		};
		5EB19C4B199CCC28008580F0 /* Debug */ = {
			isa = XCBuildConfiguration;
			baseConfigurationReference = 3D20351669FB00089875836D /* Pods.debug.xcconfig */;
			buildSettings = {
				ASSETCATALOG_COMPILER_APPICON_NAME = AppIcon;
				ASSETCATALOG_COMPILER_LAUNCHIMAGE_NAME = LaunchImage;
				GCC_PRECOMPILE_PREFIX_HEADER = YES;
				GCC_PREFIX_HEADER = "DFTDebugScreenshotDemo/DFTDebugScreenshotDemo-Prefix.pch";
				INFOPLIST_FILE = "DFTDebugScreenshotDemo/DFTDebugScreenshotDemo-Info.plist";
				IPHONEOS_DEPLOYMENT_TARGET = 7.0;
				PRODUCT_NAME = DFTDebugScreenShotDemo;
				WRAPPER_EXTENSION = app;
			};
			name = Debug;
		};
		5EB19C4C199CCC28008580F0 /* Release */ = {
			isa = XCBuildConfiguration;
			baseConfigurationReference = 70860939B838DE2BCA8D8341 /* Pods.release.xcconfig */;
			buildSettings = {
				ASSETCATALOG_COMPILER_APPICON_NAME = AppIcon;
				ASSETCATALOG_COMPILER_LAUNCHIMAGE_NAME = LaunchImage;
				GCC_PRECOMPILE_PREFIX_HEADER = YES;
				GCC_PREFIX_HEADER = "DFTDebugScreenshotDemo/DFTDebugScreenshotDemo-Prefix.pch";
				INFOPLIST_FILE = "DFTDebugScreenshotDemo/DFTDebugScreenshotDemo-Info.plist";
				IPHONEOS_DEPLOYMENT_TARGET = 7.0;
				PRODUCT_NAME = DFTDebugScreenShotDemo;
				WRAPPER_EXTENSION = app;
			};
			name = Release;
		};
		5EB19C4E199CCC28008580F0 /* Debug */ = {
			isa = XCBuildConfiguration;
			buildSettings = {
				BUNDLE_LOADER = "$(BUILT_PRODUCTS_DIR)/DFTDebugScreenshotDemo.app/DFTDebugScreenshotDemo";
				FRAMEWORK_SEARCH_PATHS = (
					"$(SDKROOT)/Developer/Library/Frameworks",
					"$(inherited)",
					"$(DEVELOPER_FRAMEWORKS_DIR)",
				);
				GCC_PRECOMPILE_PREFIX_HEADER = YES;
				GCC_PREFIX_HEADER = "DFTDebugScreenshotDemo/DFTDebugScreenshotDemo-Prefix.pch";
				GCC_PREPROCESSOR_DEFINITIONS = (
					"DEBUG=1",
					"$(inherited)",
				);
				INFOPLIST_FILE = "DFTDebugScreenShotTests/DFTDebugScreenShotTests-Info.plist";
				PRODUCT_NAME = DFTDebugScreenShotDemoTests;
				TEST_HOST = "$(BUNDLE_LOADER)";
				WRAPPER_EXTENSION = xctest;
			};
			name = Debug;
		};
		5EB19C4F199CCC28008580F0 /* Release */ = {
			isa = XCBuildConfiguration;
			buildSettings = {
				BUNDLE_LOADER = "$(BUILT_PRODUCTS_DIR)/DFTDebugScreenshotDemo.app/DFTDebugScreenshotDemo";
				FRAMEWORK_SEARCH_PATHS = (
					"$(SDKROOT)/Developer/Library/Frameworks",
					"$(inherited)",
					"$(DEVELOPER_FRAMEWORKS_DIR)",
				);
				GCC_PRECOMPILE_PREFIX_HEADER = YES;
				GCC_PREFIX_HEADER = "DFTDebugScreenshotDemo/DFTDebugScreenshotDemo-Prefix.pch";
				INFOPLIST_FILE = "DFTDebugScreenShotTests/DFTDebugScreenShotTests-Info.plist";
				PRODUCT_NAME = DFTDebugScreenShotDemoTests;
				TEST_HOST = "$(BUNDLE_LOADER)";
				WRAPPER_EXTENSION = xctest;
			};
			name = Release;
		};
/* End XCBuildConfiguration section */

/* Begin XCConfigurationList section */
		5EB19C13199CCC28008580F0 /* Build configuration list for PBXProject "DFTDebugScreenshotDemo" */ = {
			isa = XCConfigurationList;
			buildConfigurations = (
				5EB19C48199CCC28008580F0 /* Debug */,
				5EB19C49199CCC28008580F0 /* Release */,
			);
			defaultConfigurationIsVisible = 0;
			defaultConfigurationName = Release;
		};
		5EB19C4A199CCC28008580F0 /* Build configuration list for PBXNativeTarget "DFTDebugScreenShotDemo" */ = {
			isa = XCConfigurationList;
			buildConfigurations = (
				5EB19C4B199CCC28008580F0 /* Debug */,
				5EB19C4C199CCC28008580F0 /* Release */,
			);
			defaultConfigurationIsVisible = 0;
			defaultConfigurationName = Release;
		};
		5EB19C4D199CCC28008580F0 /* Build configuration list for PBXNativeTarget "DFTDebugScreenShotDemoTests" */ = {
			isa = XCConfigurationList;
			buildConfigurations = (
				5EB19C4E199CCC28008580F0 /* Debug */,
				5EB19C4F199CCC28008580F0 /* Release */,
			);
			defaultConfigurationIsVisible = 0;
			defaultConfigurationName = Release;
		};
/* End XCConfigurationList section */
	};
	rootObject = 5EB19C10199CCC28008580F0 /* Project object */;
}
